// !$*UTF8*$!
{
	archiveVersion = 1;
	classes = {
	};
	objectVersion = 77;
	objects = {

/* Begin PBXBuildFile section */
		1E7A9C102CEA942400579846 /* FirebaseStorage in Frameworks */ = {isa = PBXBuildFile; productRef = 1E7A9C0F2CEA942400579846 /* FirebaseStorage */; };
		1E7A9C122CEA942400579846 /* FirebaseStorageCombine-Community in Frameworks */ = {isa = PBXBuildFile; productRef = 1E7A9C112CEA942400579846 /* FirebaseStorageCombine-Community */; };
		1E7A9C142CEA944C00579846 /* FirebaseStorage in Frameworks */ = {isa = PBXBuildFile; productRef = 1E7A9C132CEA944C00579846 /* FirebaseStorage */; };
		1E7A9C162CEA944C00579846 /* FirebaseStorageCombine-Community in Frameworks */ = {isa = PBXBuildFile; productRef = 1E7A9C152CEA944C00579846 /* FirebaseStorageCombine-Community */; };
		1E8314832CADBFF000FE96BD /* FirebaseAnalytics in Frameworks */ = {isa = PBXBuildFile; productRef = 1E8314822CADBFF000FE96BD /* FirebaseAnalytics */; };
		1E8314862CADC4B400FE96BD /* FirebaseAuth in Frameworks */ = {isa = PBXBuildFile; productRef = 1E8314852CADC4B400FE96BD /* FirebaseAuth */; };
		1EC046A02CB5B4690036BE09 /* GoogleSignIn in Frameworks */ = {isa = PBXBuildFile; productRef = 1EC0469F2CB5B4690036BE09 /* GoogleSignIn */; };
		1EC046A22CB5B4690036BE09 /* GoogleSignInSwift in Frameworks */ = {isa = PBXBuildFile; productRef = 1EC046A12CB5B4690036BE09 /* GoogleSignInSwift */; };
		1EDF84F72CC081AA009EA3ED /* FirebaseFirestore in Frameworks */ = {isa = PBXBuildFile; productRef = 1EDF84F62CC081AA009EA3ED /* FirebaseFirestore */; };
/* End PBXBuildFile section */

/* Begin PBXFileReference section */
		1E83146E2CADBE4800FE96BD /* ocoyuApp.app */ = {isa = PBXFileReference; explicitFileType = wrapper.application; includeInIndex = 0; path = ocoyuApp.app; sourceTree = BUILT_PRODUCTS_DIR; };
/* End PBXFileReference section */

/* Begin PBXFileSystemSynchronizedBuildFileExceptionSet section */
		1E5C3BF72CDC5D8F000B3B63 /* Exceptions for "ocoyuApp" folder in "ocoyuApp" target */ = {
			isa = PBXFileSystemSynchronizedBuildFileExceptionSet;
			membershipExceptions = (
				Info.plist,
			);
			target = 1E83146D2CADBE4800FE96BD /* ocoyuApp */;
		};
/* End PBXFileSystemSynchronizedBuildFileExceptionSet section */

/* Begin PBXFileSystemSynchronizedRootGroup section */
		1E5C3BDC2CDC5D8F000B3B63 /* ocoyuApp */ = {
			isa = PBXFileSystemSynchronizedRootGroup;
			exceptions = (
				1E5C3BF72CDC5D8F000B3B63 /* Exceptions for "ocoyuApp" folder in "ocoyuApp" target */,
			);
			path = ocoyuApp;
			sourceTree = "<group>";
		};
/* End PBXFileSystemSynchronizedRootGroup section */

/* Begin PBXFrameworksBuildPhase section */
		1E83146B2CADBE4800FE96BD /* Frameworks */ = {
			isa = PBXFrameworksBuildPhase;
			buildActionMask = 2147483647;
			files = (
				1E8314832CADBFF000FE96BD /* FirebaseAnalytics in Frameworks */,
				1E7A9C122CEA942400579846 /* FirebaseStorageCombine-Community in Frameworks */,
				1E8314862CADC4B400FE96BD /* FirebaseAuth in Frameworks */,
				1EC046A02CB5B4690036BE09 /* GoogleSignIn in Frameworks */,
				1EDF84F72CC081AA009EA3ED /* FirebaseFirestore in Frameworks */,
				1E7A9C142CEA944C00579846 /* FirebaseStorage in Frameworks */,
				1EC046A22CB5B4690036BE09 /* GoogleSignInSwift in Frameworks */,
				1E7A9C162CEA944C00579846 /* FirebaseStorageCombine-Community in Frameworks */,
				1E7A9C102CEA942400579846 /* FirebaseStorage in Frameworks */,
			);
			runOnlyForDeploymentPostprocessing = 0;
		};
/* End PBXFrameworksBuildPhase section */

/* Begin PBXGroup section */
		1E8314652CADBE4800FE96BD = {
			isa = PBXGroup;
			children = (
				1E5C3BDC2CDC5D8F000B3B63 /* ocoyuApp */,
				1E8314842CADC4B400FE96BD /* Frameworks */,
				1E83146F2CADBE4800FE96BD /* Products */,
			);
			sourceTree = "<group>";
		};
		1E83146F2CADBE4800FE96BD /* Products */ = {
			isa = PBXGroup;
			children = (
				1E83146E2CADBE4800FE96BD /* ocoyuApp.app */,
			);
			name = Products;
			sourceTree = "<group>";
		};
		1E8314842CADC4B400FE96BD /* Frameworks */ = {
			isa = PBXGroup;
			children = (
			);
			name = Frameworks;
			sourceTree = "<group>";
		};
/* End PBXGroup section */

/* Begin PBXNativeTarget section */
		1E83146D2CADBE4800FE96BD /* ocoyuApp */ = {
			isa = PBXNativeTarget;
			buildConfigurationList = 1E83147C2CADBE4900FE96BD /* Build configuration list for PBXNativeTarget "ocoyuApp" */;
			buildPhases = (
				1E83146A2CADBE4800FE96BD /* Sources */,
				1E83146B2CADBE4800FE96BD /* Frameworks */,
				1E83146C2CADBE4800FE96BD /* Resources */,
			);
			buildRules = (
			);
			dependencies = (
			);
			fileSystemSynchronizedGroups = (
				1E5C3BDC2CDC5D8F000B3B63 /* ocoyuApp */,
			);
			name = ocoyuApp;
			packageProductDependencies = (
				1E8314822CADBFF000FE96BD /* FirebaseAnalytics */,
				1E8314852CADC4B400FE96BD /* FirebaseAuth */,
				1EC0469F2CB5B4690036BE09 /* GoogleSignIn */,
				1EC046A12CB5B4690036BE09 /* GoogleSignInSwift */,
				1EDF84F62CC081AA009EA3ED /* FirebaseFirestore */,
				1E7A9C0F2CEA942400579846 /* FirebaseStorage */,
				1E7A9C112CEA942400579846 /* FirebaseStorageCombine-Community */,
				1E7A9C132CEA944C00579846 /* FirebaseStorage */,
				1E7A9C152CEA944C00579846 /* FirebaseStorageCombine-Community */,
			);
			productName = ocoyuApp;
			productReference = 1E83146E2CADBE4800FE96BD /* ocoyuApp.app */;
			productType = "com.apple.product-type.application";
		};
/* End PBXNativeTarget section */

/* Begin PBXProject section */
		1E8314662CADBE4800FE96BD /* Project object */ = {
			isa = PBXProject;
			attributes = {
				BuildIndependentTargetsInParallel = 1;
				LastSwiftUpdateCheck = 1600;
				LastUpgradeCheck = 1600;
				TargetAttributes = {
					1E83146D2CADBE4800FE96BD = {
						CreatedOnToolsVersion = 16.0;
					};
				};
			};
			buildConfigurationList = 1E8314692CADBE4800FE96BD /* Build configuration list for PBXProject "ocoyuApp" */;
			developmentRegion = en;
			hasScannedForEncodings = 0;
			knownRegions = (
				en,
				Base,
			);
			mainGroup = 1E8314652CADBE4800FE96BD;
			minimizedProjectReferenceProxies = 1;
			packageReferences = (
				1E8314812CADBFF000FE96BD /* XCRemoteSwiftPackageReference "firebase-ios-sdk" */,
				1EC0469E2CB5B4690036BE09 /* XCRemoteSwiftPackageReference "GoogleSignIn-iOS" */,
			);
			preferredProjectObjectVersion = 77;
			productRefGroup = 1E83146F2CADBE4800FE96BD /* Products */;
			projectDirPath = "";
			projectRoot = "";
			targets = (
				1E83146D2CADBE4800FE96BD /* ocoyuApp */,
			);
		};
/* End PBXProject section */

/* Begin PBXResourcesBuildPhase section */
		1E83146C2CADBE4800FE96BD /* Resources */ = {
			isa = PBXResourcesBuildPhase;
			buildActionMask = 2147483647;
			files = (
			);
			runOnlyForDeploymentPostprocessing = 0;
		};
/* End PBXResourcesBuildPhase section */

/* Begin PBXSourcesBuildPhase section */
		1E83146A2CADBE4800FE96BD /* Sources */ = {
			isa = PBXSourcesBuildPhase;
			buildActionMask = 2147483647;
			files = (
			);
			runOnlyForDeploymentPostprocessing = 0;
		};
/* End PBXSourcesBuildPhase section */

/* Begin XCBuildConfiguration section */
		1E83147A2CADBE4900FE96BD /* Debug */ = {
			isa = XCBuildConfiguration;
			buildSettings = {
				ALWAYS_SEARCH_USER_PATHS = NO;
				ASSETCATALOG_COMPILER_GENERATE_SWIFT_ASSET_SYMBOL_EXTENSIONS = YES;
				CLANG_ANALYZER_NONNULL = YES;
				CLANG_ANALYZER_NUMBER_OBJECT_CONVERSION = YES_AGGRESSIVE;
				CLANG_CXX_LANGUAGE_STANDARD = "gnu++20";
				CLANG_ENABLE_MODULES = YES;
				CLANG_ENABLE_OBJC_ARC = YES;
				CLANG_ENABLE_OBJC_WEAK = YES;
				CLANG_WARN_BLOCK_CAPTURE_AUTORELEASING = YES;
				CLANG_WARN_BOOL_CONVERSION = YES;
				CLANG_WARN_COMMA = YES;
				CLANG_WARN_CONSTANT_CONVERSION = YES;
				CLANG_WARN_DEPRECATED_OBJC_IMPLEMENTATIONS = YES;
				CLANG_WARN_DIRECT_OBJC_ISA_USAGE = YES_ERROR;
				CLANG_WARN_DOCUMENTATION_COMMENTS = YES;
				CLANG_WARN_EMPTY_BODY = YES;
				CLANG_WARN_ENUM_CONVERSION = YES;
				CLANG_WARN_INFINITE_RECURSION = YES;
				CLANG_WARN_INT_CONVERSION = YES;
				CLANG_WARN_NON_LITERAL_NULL_CONVERSION = YES;
				CLANG_WARN_OBJC_IMPLICIT_RETAIN_SELF = YES;
				CLANG_WARN_OBJC_LITERAL_CONVERSION = YES;
				CLANG_WARN_OBJC_ROOT_CLASS = YES_ERROR;
				CLANG_WARN_QUOTED_INCLUDE_IN_FRAMEWORK_HEADER = YES;
				CLANG_WARN_RANGE_LOOP_ANALYSIS = YES;
				CLANG_WARN_STRICT_PROTOTYPES = YES;
				CLANG_WARN_SUSPICIOUS_MOVE = YES;
				CLANG_WARN_UNGUARDED_AVAILABILITY = YES_AGGRESSIVE;
				CLANG_WARN_UNREACHABLE_CODE = YES;
				CLANG_WARN__DUPLICATE_METHOD_MATCH = YES;
				COPY_PHASE_STRIP = NO;
				DEBUG_INFORMATION_FORMAT = dwarf;
				ENABLE_STRICT_OBJC_MSGSEND = YES;
				ENABLE_TESTABILITY = YES;
				ENABLE_USER_SCRIPT_SANDBOXING = YES;
				GCC_C_LANGUAGE_STANDARD = gnu17;
				GCC_DYNAMIC_NO_PIC = NO;
				GCC_NO_COMMON_BLOCKS = YES;
				GCC_OPTIMIZATION_LEVEL = 0;
				GCC_PREPROCESSOR_DEFINITIONS = (
					"DEBUG=1",
					"$(inherited)",
				);
				GCC_WARN_64_TO_32_BIT_CONVERSION = YES;
				GCC_WARN_ABOUT_RETURN_TYPE = YES_ERROR;
				GCC_WARN_UNDECLARED_SELECTOR = YES;
				GCC_WARN_UNINITIALIZED_AUTOS = YES_AGGRESSIVE;
				GCC_WARN_UNUSED_FUNCTION = YES;
				GCC_WARN_UNUSED_VARIABLE = YES;
				IPHONEOS_DEPLOYMENT_TARGET = 18.0;
				LOCALIZATION_PREFERS_STRING_CATALOGS = YES;
				MTL_ENABLE_DEBUG_INFO = INCLUDE_SOURCE;
				MTL_FAST_MATH = YES;
				ONLY_ACTIVE_ARCH = YES;
				SDKROOT = iphoneos;
				SWIFT_ACTIVE_COMPILATION_CONDITIONS = "DEBUG $(inherited)";
				SWIFT_OPTIMIZATION_LEVEL = "-Onone";
			};
			name = Debug;
		};
		1E83147B2CADBE4900FE96BD /* Release */ = {
			isa = XCBuildConfiguration;
			buildSettings = {
				ALWAYS_SEARCH_USER_PATHS = NO;
				ASSETCATALOG_COMPILER_GENERATE_SWIFT_ASSET_SYMBOL_EXTENSIONS = YES;
				CLANG_ANALYZER_NONNULL = YES;
				CLANG_ANALYZER_NUMBER_OBJECT_CONVERSION = YES_AGGRESSIVE;
				CLANG_CXX_LANGUAGE_STANDARD = "gnu++20";
				CLANG_ENABLE_MODULES = YES;
				CLANG_ENABLE_OBJC_ARC = YES;
				CLANG_ENABLE_OBJC_WEAK = YES;
				CLANG_WARN_BLOCK_CAPTURE_AUTORELEASING = YES;
				CLANG_WARN_BOOL_CONVERSION = YES;
				CLANG_WARN_COMMA = YES;
				CLANG_WARN_CONSTANT_CONVERSION = YES;
				CLANG_WARN_DEPRECATED_OBJC_IMPLEMENTATIONS = YES;
				CLANG_WARN_DIRECT_OBJC_ISA_USAGE = YES_ERROR;
				CLANG_WARN_DOCUMENTATION_COMMENTS = YES;
				CLANG_WARN_EMPTY_BODY = YES;
				CLANG_WARN_ENUM_CONVERSION = YES;
				CLANG_WARN_INFINITE_RECURSION = YES;
				CLANG_WARN_INT_CONVERSION = YES;
				CLANG_WARN_NON_LITERAL_NULL_CONVERSION = YES;
				CLANG_WARN_OBJC_IMPLICIT_RETAIN_SELF = YES;
				CLANG_WARN_OBJC_LITERAL_CONVERSION = YES;
				CLANG_WARN_OBJC_ROOT_CLASS = YES_ERROR;
				CLANG_WARN_QUOTED_INCLUDE_IN_FRAMEWORK_HEADER = YES;
				CLANG_WARN_RANGE_LOOP_ANALYSIS = YES;
				CLANG_WARN_STRICT_PROTOTYPES = YES;
				CLANG_WARN_SUSPICIOUS_MOVE = YES;
				CLANG_WARN_UNGUARDED_AVAILABILITY = YES_AGGRESSIVE;
				CLANG_WARN_UNREACHABLE_CODE = YES;
				CLANG_WARN__DUPLICATE_METHOD_MATCH = YES;
				COPY_PHASE_STRIP = NO;
				DEBUG_INFORMATION_FORMAT = "dwarf-with-dsym";
				ENABLE_NS_ASSERTIONS = NO;
				ENABLE_STRICT_OBJC_MSGSEND = YES;
				ENABLE_USER_SCRIPT_SANDBOXING = YES;
				GCC_C_LANGUAGE_STANDARD = gnu17;
				GCC_NO_COMMON_BLOCKS = YES;
				GCC_WARN_64_TO_32_BIT_CONVERSION = YES;
				GCC_WARN_ABOUT_RETURN_TYPE = YES_ERROR;
				GCC_WARN_UNDECLARED_SELECTOR = YES;
				GCC_WARN_UNINITIALIZED_AUTOS = YES_AGGRESSIVE;
				GCC_WARN_UNUSED_FUNCTION = YES;
				GCC_WARN_UNUSED_VARIABLE = YES;
				IPHONEOS_DEPLOYMENT_TARGET = 18.0;
				LOCALIZATION_PREFERS_STRING_CATALOGS = YES;
				MTL_ENABLE_DEBUG_INFO = NO;
				MTL_FAST_MATH = YES;
				SDKROOT = iphoneos;
				SWIFT_COMPILATION_MODE = wholemodule;
				VALIDATE_PRODUCT = YES;
			};
			name = Release;
		};
		1E83147D2CADBE4900FE96BD /* Debug */ = {
			isa = XCBuildConfiguration;
			buildSettings = {
				ASSETCATALOG_COMPILER_APPICON_NAME = AppIcon;
				ASSETCATALOG_COMPILER_GLOBAL_ACCENT_COLOR_NAME = AccentColor;
				ASSETCATALOG_COMPILER_INCLUDE_ALL_APPICON_ASSETS = NO;
				CODE_SIGN_STYLE = Automatic;
				CURRENT_PROJECT_VERSION = 1;
				DEVELOPMENT_ASSET_PATHS = "\"ocoyuApp/Preview Content\"";
				DEVELOPMENT_TEAM = UT564SJQS8;
				ENABLE_PREVIEWS = YES;
				GENERATE_INFOPLIST_FILE = YES;
				INFOPLIST_FILE = ocoyuApp/Info.plist;
				INFOPLIST_KEY_LSApplicationCategoryType = "";
				INFOPLIST_KEY_NSCameraUsageDescription = "Necesitamos acceder a la cámara para permitirte tomar fotos.";
				INFOPLIST_KEY_NSLocationWhenInUseUsageDescription = "Necesitamos saber tu ubicación para poder trazar tu ruta.";
				INFOPLIST_KEY_NSPhotoLibraryUsageDescription = "Necesitamos acceder a tu galería para permitirte seleccionar fotos.";
				INFOPLIST_KEY_UIApplicationSceneManifest_Generation = YES;
				INFOPLIST_KEY_UIApplicationSupportsIndirectInputEvents = YES;
				INFOPLIST_KEY_UILaunchScreen_Generation = YES;
				INFOPLIST_KEY_UILaunchStoryboardName = "Launch Screen";
				INFOPLIST_KEY_UIStatusBarStyle = "";
				INFOPLIST_KEY_UISupportedInterfaceOrientations = UIInterfaceOrientationPortrait;
				INFOPLIST_KEY_UISupportedInterfaceOrientations_iPad = "UIInterfaceOrientationLandscapeLeft UIInterfaceOrientationLandscapeRight UIInterfaceOrientationPortrait UIInterfaceOrientationPortraitUpsideDown";
				LD_RUNPATH_SEARCH_PATHS = (
					"$(inherited)",
					"@executable_path/Frameworks",
				);
				MARKETING_VERSION = 1.0;
				PRODUCT_BUNDLE_IDENTIFIER = mx.tec.a01737789.ocoyuApp;
				PRODUCT_NAME = "$(TARGET_NAME)";
				SUPPORTED_PLATFORMS = "iphoneos iphonesimulator";
				SUPPORTS_MACCATALYST = NO;
				SUPPORTS_MAC_DESIGNED_FOR_IPHONE_IPAD = NO;
				SUPPORTS_XR_DESIGNED_FOR_IPHONE_IPAD = NO;
				SWIFT_EMIT_LOC_STRINGS = YES;
				SWIFT_VERSION = 5.0;
				TARGETED_DEVICE_FAMILY = "1,2";
			};
			name = Debug;
		};
		1E83147E2CADBE4900FE96BD /* Release */ = {
			isa = XCBuildConfiguration;
			buildSettings = {
				ASSETCATALOG_COMPILER_APPICON_NAME = AppIcon;
				ASSETCATALOG_COMPILER_GLOBAL_ACCENT_COLOR_NAME = AccentColor;
				ASSETCATALOG_COMPILER_INCLUDE_ALL_APPICON_ASSETS = NO;
				CODE_SIGN_STYLE = Automatic;
				CURRENT_PROJECT_VERSION = 1;
				DEVELOPMENT_ASSET_PATHS = "\"ocoyuApp/Preview Content\"";
				DEVELOPMENT_TEAM = UT564SJQS8;
				ENABLE_PREVIEWS = YES;
				GENERATE_INFOPLIST_FILE = YES;
				INFOPLIST_FILE = ocoyuApp/Info.plist;
				INFOPLIST_KEY_LSApplicationCategoryType = "";
				INFOPLIST_KEY_NSCameraUsageDescription = "Necesitamos acceder a la cámara para permitirte tomar fotos.";
				INFOPLIST_KEY_NSLocationWhenInUseUsageDescription = "Necesitamos saber tu ubicación para poder trazar tu ruta.";
				INFOPLIST_KEY_NSPhotoLibraryUsageDescription = "Necesitamos acceder a tu galería para permitirte seleccionar fotos.";
				INFOPLIST_KEY_UIApplicationSceneManifest_Generation = YES;
				INFOPLIST_KEY_UIApplicationSupportsIndirectInputEvents = YES;
				INFOPLIST_KEY_UILaunchScreen_Generation = YES;
				INFOPLIST_KEY_UILaunchStoryboardName = "Launch Screen";
				INFOPLIST_KEY_UIStatusBarStyle = "";
				INFOPLIST_KEY_UISupportedInterfaceOrientations = UIInterfaceOrientationPortrait;
				INFOPLIST_KEY_UISupportedInterfaceOrientations_iPad = "UIInterfaceOrientationLandscapeLeft UIInterfaceOrientationLandscapeRight UIInterfaceOrientationPortrait UIInterfaceOrientationPortraitUpsideDown";
				LD_RUNPATH_SEARCH_PATHS = (
					"$(inherited)",
					"@executable_path/Frameworks",
				);
				MARKETING_VERSION = 1.0;
				PRODUCT_BUNDLE_IDENTIFIER = mx.tec.a01737789.ocoyuApp;
				PRODUCT_NAME = "$(TARGET_NAME)";
				SUPPORTED_PLATFORMS = "iphoneos iphonesimulator";
				SUPPORTS_MACCATALYST = NO;
				SUPPORTS_MAC_DESIGNED_FOR_IPHONE_IPAD = NO;
				SUPPORTS_XR_DESIGNED_FOR_IPHONE_IPAD = NO;
				SWIFT_EMIT_LOC_STRINGS = YES;
				SWIFT_VERSION = 5.0;
				TARGETED_DEVICE_FAMILY = "1,2";
			};
			name = Release;
		};
/* End XCBuildConfiguration section */

/* Begin XCConfigurationList section */
		1E8314692CADBE4800FE96BD /* Build configuration list for PBXProject "ocoyuApp" */ = {
			isa = XCConfigurationList;
			buildConfigurations = (
				1E83147A2CADBE4900FE96BD /* Debug */,
				1E83147B2CADBE4900FE96BD /* Release */,
			);
			defaultConfigurationIsVisible = 0;
			defaultConfigurationName = Release;
		};
		1E83147C2CADBE4900FE96BD /* Build configuration list for PBXNativeTarget "ocoyuApp" */ = {
			isa = XCConfigurationList;
			buildConfigurations = (
				1E83147D2CADBE4900FE96BD /* Debug */,
				1E83147E2CADBE4900FE96BD /* Release */,
			);
			defaultConfigurationIsVisible = 0;
			defaultConfigurationName = Release;
		};
/* End XCConfigurationList section */

/* Begin XCRemoteSwiftPackageReference section */
		1E8314812CADBFF000FE96BD /* XCRemoteSwiftPackageReference "firebase-ios-sdk" */ = {
			isa = XCRemoteSwiftPackageReference;
			repositoryURL = "https://github.com/firebase/firebase-ios-sdk.git";
			requirement = {
				kind = upToNextMajorVersion;
				minimumVersion = 11.3.0;
			};
		};
		1EC0469E2CB5B4690036BE09 /* XCRemoteSwiftPackageReference "GoogleSignIn-iOS" */ = {
			isa = XCRemoteSwiftPackageReference;
			repositoryURL = "https://github.com/google/GoogleSignIn-iOS.git";
			requirement = {
				kind = upToNextMajorVersion;
				minimumVersion = 8.0.0;
			};
		};
/* End XCRemoteSwiftPackageReference section */

/* Begin XCSwiftPackageProductDependency section */
		1E7A9C0F2CEA942400579846 /* FirebaseStorage */ = {
			isa = XCSwiftPackageProductDependency;
			productName = FirebaseStorage;
		};
		1E7A9C112CEA942400579846 /* FirebaseStorageCombine-Community */ = {
			isa = XCSwiftPackageProductDependency;
			productName = "FirebaseStorageCombine-Community";
		};
		1E7A9C132CEA944C00579846 /* FirebaseStorage */ = {
			isa = XCSwiftPackageProductDependency;
			package = 1E8314812CADBFF000FE96BD /* XCRemoteSwiftPackageReference "firebase-ios-sdk" */;
			productName = FirebaseStorage;
		};
		1E7A9C152CEA944C00579846 /* FirebaseStorageCombine-Community */ = {
			isa = XCSwiftPackageProductDependency;
			package = 1E8314812CADBFF000FE96BD /* XCRemoteSwiftPackageReference "firebase-ios-sdk" */;
			productName = "FirebaseStorageCombine-Community";
		};
		1E8314822CADBFF000FE96BD /* FirebaseAnalytics */ = {
			isa = XCSwiftPackageProductDependency;
			package = 1E8314812CADBFF000FE96BD /* XCRemoteSwiftPackageReference "firebase-ios-sdk" */;
			productName = FirebaseAnalytics;
		};
		1E8314852CADC4B400FE96BD /* FirebaseAuth */ = {
			isa = XCSwiftPackageProductDependency;
			package = 1E8314812CADBFF000FE96BD /* XCRemoteSwiftPackageReference "firebase-ios-sdk" */;
			productName = FirebaseAuth;
		};
		1EC0469F2CB5B4690036BE09 /* GoogleSignIn */ = {
			isa = XCSwiftPackageProductDependency;
			package = 1EC0469E2CB5B4690036BE09 /* XCRemoteSwiftPackageReference "GoogleSignIn-iOS" */;
			productName = GoogleSignIn;
		};
		1EC046A12CB5B4690036BE09 /* GoogleSignInSwift */ = {
			isa = XCSwiftPackageProductDependency;
			package = 1EC0469E2CB5B4690036BE09 /* XCRemoteSwiftPackageReference "GoogleSignIn-iOS" */;
			productName = GoogleSignInSwift;
		};
		1EDF84F62CC081AA009EA3ED /* FirebaseFirestore */ = {
			isa = XCSwiftPackageProductDependency;
			package = 1E8314812CADBFF000FE96BD /* XCRemoteSwiftPackageReference "firebase-ios-sdk" */;
			productName = FirebaseFirestore;
		};
/* End XCSwiftPackageProductDependency section */
	};
	rootObject = 1E8314662CADBE4800FE96BD /* Project object */;
}
